// !$*UTF8*$!
{
	archiveVersion = 1;
	classes = {
	};
	objectVersion = 50;
	objects = {

/* Begin PBXBuildFile section */
		FCBE7F02234CEABB0083CB81 /* AppDelegate.swift in Sources */ = {isa = PBXBuildFile; fileRef = FCBE7F01234CEABB0083CB81 /* AppDelegate.swift */; };
		FCBE7F04234CEABB0083CB81 /* FriendsTableViewController.swift in Sources */ = {isa = PBXBuildFile; fileRef = FCBE7F03234CEABB0083CB81 /* FriendsTableViewController.swift */; };
		FCBE7F07234CEABB0083CB81 /* Main.storyboard in Resources */ = {isa = PBXBuildFile; fileRef = FCBE7F05234CEABB0083CB81 /* Main.storyboard */; };
		FCBE7F09234CEABD0083CB81 /* Assets.xcassets in Resources */ = {isa = PBXBuildFile; fileRef = FCBE7F08234CEABD0083CB81 /* Assets.xcassets */; };
		FCBE7F0C234CEABD0083CB81 /* LaunchScreen.storyboard in Resources */ = {isa = PBXBuildFile; fileRef = FCBE7F0A234CEABD0083CB81 /* LaunchScreen.storyboard */; };
		FCBE7F14234F8F7C0083CB81 /* AddFriendViewController.swift in Sources */ = {isa = PBXBuildFile; fileRef = FCBE7F13234F8F7C0083CB81 /* AddFriendViewController.swift */; };
		FCBE7F16234F8F940083CB81 /* FriendDetailViewController.swift in Sources */ = {isa = PBXBuildFile; fileRef = FCBE7F15234F8F940083CB81 /* FriendDetailViewController.swift */; };
		FCBE7F18234F8FB30083CB81 /* FriendTableViewCell.swift in Sources */ = {isa = PBXBuildFile; fileRef = FCBE7F17234F8FB30083CB81 /* FriendTableViewCell.swift */; };
		FCBE7F1A234F8FC20083CB81 /* Friend.swift in Sources */ = {isa = PBXBuildFile; fileRef = FCBE7F19234F8FC20083CB81 /* Friend.swift */; };
		FCBE7F1D234FB5A40083CB81 /* AddFriendProtocol.swift in Sources */ = {isa = PBXBuildFile; fileRef = FCBE7F1C234FB5A40083CB81 /* AddFriendProtocol.swift */; };
/* End PBXBuildFile section */

/* Begin PBXFileReference section */
		FCBE7EFE234CEABB0083CB81 /* HobbyTracker.app */ = {isa = PBXFileReference; explicitFileType = wrapper.application; includeInIndex = 0; path = HobbyTracker.app; sourceTree = BUILT_PRODUCTS_DIR; };
		FCBE7F01234CEABB0083CB81 /* AppDelegate.swift */ = {isa = PBXFileReference; lastKnownFileType = sourcecode.swift; path = AppDelegate.swift; sourceTree = "<group>"; };
		FCBE7F03234CEABB0083CB81 /* FriendsTableViewController.swift */ = {isa = PBXFileReference; lastKnownFileType = sourcecode.swift; path = FriendsTableViewController.swift; sourceTree = "<group>"; };
		FCBE7F06234CEABB0083CB81 /* Base */ = {isa = PBXFileReference; lastKnownFileType = file.storyboard; name = Base; path = Base.lproj/Main.storyboard; sourceTree = "<group>"; };
		FCBE7F08234CEABD0083CB81 /* Assets.xcassets */ = {isa = PBXFileReference; lastKnownFileType = folder.assetcatalog; path = Assets.xcassets; sourceTree = "<group>"; };
		FCBE7F0B234CEABD0083CB81 /* Base */ = {isa = PBXFileReference; lastKnownFileType = file.storyboard; name = Base; path = Base.lproj/LaunchScreen.storyboard; sourceTree = "<group>"; };
		FCBE7F0D234CEABD0083CB81 /* Info.plist */ = {isa = PBXFileReference; lastKnownFileType = text.plist.xml; path = Info.plist; sourceTree = "<group>"; };
		FCBE7F13234F8F7C0083CB81 /* AddFriendViewController.swift */ = {isa = PBXFileReference; lastKnownFileType = sourcecode.swift; path = AddFriendViewController.swift; sourceTree = "<group>"; };
		FCBE7F15234F8F940083CB81 /* FriendDetailViewController.swift */ = {isa = PBXFileReference; lastKnownFileType = sourcecode.swift; path = FriendDetailViewController.swift; sourceTree = "<group>"; };
		FCBE7F17234F8FB30083CB81 /* FriendTableViewCell.swift */ = {isa = PBXFileReference; lastKnownFileType = sourcecode.swift; path = FriendTableViewCell.swift; sourceTree = "<group>"; };
		FCBE7F19234F8FC20083CB81 /* Friend.swift */ = {isa = PBXFileReference; lastKnownFileType = sourcecode.swift; path = Friend.swift; sourceTree = "<group>"; };
		FCBE7F1C234FB5A40083CB81 /* AddFriendProtocol.swift */ = {isa = PBXFileReference; lastKnownFileType = sourcecode.swift; path = AddFriendProtocol.swift; sourceTree = "<group>"; };
/* End PBXFileReference section */

/* Begin PBXFrameworksBuildPhase section */
		FCBE7EFB234CEABB0083CB81 /* Frameworks */ = {
			isa = PBXFrameworksBuildPhase;
			buildActionMask = 2147483647;
			files = (
			);
			runOnlyForDeploymentPostprocessing = 0;
		};
/* End PBXFrameworksBuildPhase section */

/* Begin PBXGroup section */
		FCBE7EF5234CEABB0083CB81 = {
			isa = PBXGroup;
			children = (
				FCBE7F00234CEABB0083CB81 /* HobbyTracker */,
				FCBE7EFF234CEABB0083CB81 /* Products */,
			);
			sourceTree = "<group>";
		};
		FCBE7EFF234CEABB0083CB81 /* Products */ = {
			isa = PBXGroup;
			children = (
				FCBE7EFE234CEABB0083CB81 /* HobbyTracker.app */,
			);
			name = Products;
			sourceTree = "<group>";
		};
		FCBE7F00234CEABB0083CB81 /* HobbyTracker */ = {
			isa = PBXGroup;
			children = (
				FCBE7F01234CEABB0083CB81 /* AppDelegate.swift */,
				FCBE7F1B234F90430083CB81 /* View Controllers */,
				FCBE7F17234F8FB30083CB81 /* FriendTableViewCell.swift */,
				FCBE7F19234F8FC20083CB81 /* Friend.swift */,
				FCBE7F1C234FB5A40083CB81 /* AddFriendProtocol.swift */,
				FCBE7F05234CEABB0083CB81 /* Main.storyboard */,
				FCBE7F08234CEABD0083CB81 /* Assets.xcassets */,
				FCBE7F0A234CEABD0083CB81 /* LaunchScreen.storyboard */,
				FCBE7F0D234CEABD0083CB81 /* Info.plist */,
			);
			path = HobbyTracker;
			sourceTree = "<group>";
		};
		FCBE7F1B234F90430083CB81 /* View Controllers */ = {
			isa = PBXGroup;
			children = (
				FCBE7F15234F8F940083CB81 /* FriendDetailViewController.swift */,
				FCBE7F03234CEABB0083CB81 /* FriendsTableViewController.swift */,
				FCBE7F13234F8F7C0083CB81 /* AddFriendViewController.swift */,
			);
			path = "View Controllers";
			sourceTree = "<group>";
		};
/* End PBXGroup section */

/* Begin PBXNativeTarget section */
		FCBE7EFD234CEABB0083CB81 /* HobbyTracker */ = {
			isa = PBXNativeTarget;
			buildConfigurationList = FCBE7F10234CEABD0083CB81 /* Build configuration list for PBXNativeTarget "HobbyTracker" */;
			buildPhases = (
				FCBE7EFA234CEABB0083CB81 /* Sources */,
				FCBE7EFB234CEABB0083CB81 /* Frameworks */,
				FCBE7EFC234CEABB0083CB81 /* Resources */,
			);
			buildRules = (
			);
			dependencies = (
			);
			name = HobbyTracker;
			productName = HobbyTracker;
			productReference = FCBE7EFE234CEABB0083CB81 /* HobbyTracker.app */;
			productType = "com.apple.product-type.application";
		};
/* End PBXNativeTarget section */

/* Begin PBXProject section */
		FCBE7EF6234CEABB0083CB81 /* Project object */ = {
			isa = PBXProject;
			attributes = {
				LastSwiftUpdateCheck = 1030;
				LastUpgradeCheck = 1030;
				ORGANIZATIONNAME = johnpitts;
				TargetAttributes = {
					FCBE7EFD234CEABB0083CB81 = {
						CreatedOnToolsVersion = 10.3;
					};
				};
			};
			buildConfigurationList = FCBE7EF9234CEABB0083CB81 /* Build configuration list for PBXProject "HobbyTracker" */;
			compatibilityVersion = "Xcode 9.3";
			developmentRegion = en;
			hasScannedForEncodings = 0;
			knownRegions = (
				en,
				Base,
			);
			mainGroup = FCBE7EF5234CEABB0083CB81;
			productRefGroup = FCBE7EFF234CEABB0083CB81 /* Products */;
			projectDirPath = "";
			projectRoot = "";
			targets = (
				FCBE7EFD234CEABB0083CB81 /* HobbyTracker */,
			);
		};
/* End PBXProject section */

/* Begin PBXResourcesBuildPhase section */
		FCBE7EFC234CEABB0083CB81 /* Resources */ = {
			isa = PBXResourcesBuildPhase;
			buildActionMask = 2147483647;
			files = (
				FCBE7F0C234CEABD0083CB81 /* LaunchScreen.storyboard in Resources */,
				FCBE7F09234CEABD0083CB81 /* Assets.xcassets in Resources */,
				FCBE7F07234CEABB0083CB81 /* Main.storyboard in Resources */,
			);
			runOnlyForDeploymentPostprocessing = 0;
		};
/* End PBXResourcesBuildPhase section */

/* Begin PBXSourcesBuildPhase section */
		FCBE7EFA234CEABB0083CB81 /* Sources */ = {
			isa = PBXSourcesBuildPhase;
			buildActionMask = 2147483647;
			files = (
				FCBE7F14234F8F7C0083CB81 /* AddFriendViewController.swift in Sources */,
				FCBE7F04234CEABB0083CB81 /* FriendsTableViewController.swift in Sources */,
				FCBE7F18234F8FB30083CB81 /* FriendTableViewCell.swift in Sources */,
				FCBE7F1A234F8FC20083CB81 /* Friend.swift in Sources */,
				FCBE7F1D234FB5A40083CB81 /* AddFriendProtocol.swift in Sources */,
				FCBE7F16234F8F940083CB81 /* FriendDetailViewController.swift in Sources */,
				FCBE7F02234CEABB0083CB81 /* AppDelegate.swift in Sources */,
			);
			runOnlyForDeploymentPostprocessing = 0;
		};
/* End PBXSourcesBuildPhase section */

/* Begin PBXVariantGroup section */
		FCBE7F05234CEABB0083CB81 /* Main.storyboard */ = {
			isa = PBXVariantGroup;
			children = (
				FCBE7F06234CEABB0083CB81 /* Base */,
			);
			name = Main.storyboard;
			sourceTree = "<group>";
		};
		FCBE7F0A234CEABD0083CB81 /* LaunchScreen.storyboard */ = {
			isa = PBXVariantGroup;
			children = (
				FCBE7F0B234CEABD0083CB81 /* Base */,
			);
			name = LaunchScreen.storyboard;
			sourceTree = "<group>";
		};
/* End PBXVariantGroup section */

/* Begin XCBuildConfiguration section */
		FCBE7F0E234CEABD0083CB81 /* Debug */ = {
			isa = XCBuildConfiguration;
			buildSettings = {
				ALWAYS_SEARCH_USER_PATHS = NO;
				CLANG_ANALYZER_NONNULL = YES;
				CLANG_ANALYZER_NUMBER_OBJECT_CONVERSION = YES_AGGRESSIVE;
				CLANG_CXX_LANGUAGE_STANDARD = "gnu++14";
				CLANG_CXX_LIBRARY = "libc++";
				CLANG_ENABLE_MODULES = YES;
				CLANG_ENABLE_OBJC_ARC = YES;
				CLANG_ENABLE_OBJC_WEAK = YES;
				CLANG_WARN_BLOCK_CAPTURE_AUTORELEASING = YES;
				CLANG_WARN_BOOL_CONVERSION = YES;
				CLANG_WARN_COMMA = YES;
				CLANG_WARN_CONSTANT_CONVERSION = YES;
				CLANG_WARN_DEPRECATED_OBJC_IMPLEMENTATIONS = YES;
				CLANG_WARN_DIRECT_OBJC_ISA_USAGE = YES_ERROR;
				CLANG_WARN_DOCUMENTATION_COMMENTS = YES;
				CLANG_WARN_EMPTY_BODY = YES;
				CLANG_WARN_ENUM_CONVERSION = YES;
				CLANG_WARN_INFINITE_RECURSION = YES;
				CLANG_WARN_INT_CONVERSION = YES;
				CLANG_WARN_NON_LITERAL_NULL_CONVERSION = YES;
				CLANG_WARN_OBJC_IMPLICIT_RETAIN_SELF = YES;
				CLANG_WARN_OBJC_LITERAL_CONVERSION = YES;
				CLANG_WARN_OBJC_ROOT_CLASS = YES_ERROR;
				CLANG_WARN_RANGE_LOOP_ANALYSIS = YES;
				CLANG_WARN_STRICT_PROTOTYPES = YES;
				CLANG_WARN_SUSPICIOUS_MOVE = YES;
				CLANG_WARN_UNGUARDED_AVAILABILITY = YES_AGGRESSIVE;
				CLANG_WARN_UNREACHABLE_CODE = YES;
				CLANG_WARN__DUPLICATE_METHOD_MATCH = YES;
				CODE_SIGN_IDENTITY = "iPhone Developer";
				COPY_PHASE_STRIP = NO;
				DEBUG_INFORMATION_FORMAT = dwarf;
				ENABLE_STRICT_OBJC_MSGSEND = YES;
				ENABLE_TESTABILITY = YES;
				GCC_C_LANGUAGE_STANDARD = gnu11;
				GCC_DYNAMIC_NO_PIC = NO;
				GCC_NO_COMMON_BLOCKS = YES;
				GCC_OPTIMIZATION_LEVEL = 0;
				GCC_PREPROCESSOR_DEFINITIONS = (
					"DEBUG=1",
					"$(inherited)",
				);
				GCC_WARN_64_TO_32_BIT_CONVERSION = YES;
				GCC_WARN_ABOUT_RETURN_TYPE = YES_ERROR;
				GCC_WARN_UNDECLARED_SELECTOR = YES;
				GCC_WARN_UNINITIALIZED_AUTOS = YES_AGGRESSIVE;
				GCC_WARN_UNUSED_FUNCTION = YES;
				GCC_WARN_UNUSED_VARIABLE = YES;
				IPHONEOS_DEPLOYMENT_TARGET = 12.4;
				MTL_ENABLE_DEBUG_INFO = INCLUDE_SOURCE;
				MTL_FAST_MATH = YES;
				ONLY_ACTIVE_ARCH = YES;
				SDKROOT = iphoneos;
				SWIFT_ACTIVE_COMPILATION_CONDITIONS = DEBUG;
				SWIFT_OPTIMIZATION_LEVEL = "-Onone";
			};
			name = Debug;
		};
		FCBE7F0F234CEABD0083CB81 /* Release */ = {
			isa = XCBuildConfiguration;
			buildSettings = {
				ALWAYS_SEARCH_USER_PATHS = NO;
				CLANG_ANALYZER_NONNULL = YES;
				CLANG_ANALYZER_NUMBER_OBJECT_CONVERSION = YES_AGGRESSIVE;
				CLANG_CXX_LANGUAGE_STANDARD = "gnu++14";
				CLANG_CXX_LIBRARY = "libc++";
				CLANG_ENABLE_MODULES = YES;
				CLANG_ENABLE_OBJC_ARC = YES;
				CLANG_ENABLE_OBJC_WEAK = YES;
				CLANG_WARN_BLOCK_CAPTURE_AUTORELEASING = YES;
				CLANG_WARN_BOOL_CONVERSION = YES;
				CLANG_WARN_COMMA = YES;
				CLANG_WARN_CONSTANT_CONVERSION = YES;
				CLANG_WARN_DEPRECATED_OBJC_IMPLEMENTATIONS = YES;
				CLANG_WARN_DIRECT_OBJC_ISA_USAGE = YES_ERROR;
				CLANG_WARN_DOCUMENTATION_COMMENTS = YES;
				CLANG_WARN_EMPTY_BODY = YES;
				CLANG_WARN_ENUM_CONVERSION = YES;
				CLANG_WARN_INFINITE_RECURSION = YES;
				CLANG_WARN_INT_CONVERSION = YES;
				CLANG_WARN_NON_LITERAL_NULL_CONVERSION = YES;
				CLANG_WARN_OBJC_IMPLICIT_RETAIN_SELF = YES;
				CLANG_WARN_OBJC_LITERAL_CONVERSION = YES;
				CLANG_WARN_OBJC_ROOT_CLASS = YES_ERROR;
				CLANG_WARN_RANGE_LOOP_ANALYSIS = YES;
				CLANG_WARN_STRICT_PROTOTYPES = YES;
				CLANG_WARN_SUSPICIOUS_MOVE = YES;
				CLANG_WARN_UNGUARDED_AVAILABILITY = YES_AGGRESSIVE;
				CLANG_WARN_UNREACHABLE_CODE = YES;
				CLANG_WARN__DUPLICATE_METHOD_MATCH = YES;
				CODE_SIGN_IDENTITY = "iPhone Developer";
				COPY_PHASE_STRIP = NO;
				DEBUG_INFORMATION_FORMAT = "dwarf-with-dsym";
				ENABLE_NS_ASSERTIONS = NO;
				ENABLE_STRICT_OBJC_MSGSEND = YES;
				GCC_C_LANGUAGE_STANDARD = gnu11;
				GCC_NO_COMMON_BLOCKS = YES;
				GCC_WARN_64_TO_32_BIT_CONVERSION = YES;
				GCC_WARN_ABOUT_RETURN_TYPE = YES_ERROR;
				GCC_WARN_UNDECLARED_SELECTOR = YES;
				GCC_WARN_UNINITIALIZED_AUTOS = YES_AGGRESSIVE;
				GCC_WARN_UNUSED_FUNCTION = YES;
				GCC_WARN_UNUSED_VARIABLE = YES;
				IPHONEOS_DEPLOYMENT_TARGET = 12.4;
				MTL_ENABLE_DEBUG_INFO = NO;
				MTL_FAST_MATH = YES;
				SDKROOT = iphoneos;
				SWIFT_COMPILATION_MODE = wholemodule;
				SWIFT_OPTIMIZATION_LEVEL = "-O";
				VALIDATE_PRODUCT = YES;
			};
			name = Release;
		};
		FCBE7F11234CEABD0083CB81 /* Debug */ = {
			isa = XCBuildConfiguration;
			buildSettings = {
				ASSETCATALOG_COMPILER_APPICON_NAME = AppIcon;
				CODE_SIGN_STYLE = Automatic;
				DEVELOPMENT_TEAM = ASMS2YJYR9;
				INFOPLIST_FILE = HobbyTracker/Info.plist;
				LD_RUNPATH_SEARCH_PATHS = (
					"$(inherited)",
					"@executable_path/Frameworks",
				);
				PRODUCT_BUNDLE_IDENTIFIER = com.johnpitts.HobbyTracker;
				PRODUCT_NAME = "$(TARGET_NAME)";
				SWIFT_VERSION = 5.0;
				TARGETED_DEVICE_FAMILY = "1,2";
			};
			name = Debug;
		};
		FCBE7F12234CEABD0083CB81 /* Release */ = {
			isa = XCBuildConfiguration;
			buildSettings = {
				ASSETCATALOG_COMPILER_APPICON_NAME = AppIcon;
				CODE_SIGN_STYLE = Automatic;
				DEVELOPMENT_TEAM = ASMS2YJYR9;
				INFOPLIST_FILE = HobbyTracker/Info.plist;
				LD_RUNPATH_SEARCH_PATHS = (
					"$(inherited)",
					"@executable_path/Frameworks",
				);
				PRODUCT_BUNDLE_IDENTIFIER = com.johnpitts.HobbyTracker;
				PRODUCT_NAME = "$(TARGET_NAME)";
				SWIFT_VERSION = 5.0;
				TARGETED_DEVICE_FAMILY = "1,2";
			};
			name = Release;
		};
/* End XCBuildConfiguration section */

/* Begin XCConfigurationList section */
		FCBE7EF9234CEABB0083CB81 /* Build configuration list for PBXProject "HobbyTracker" */ = {
			isa = XCConfigurationList;
			buildConfigurations = (
				FCBE7F0E234CEABD0083CB81 /* Debug */,
				FCBE7F0F234CEABD0083CB81 /* Release */,
			);
			defaultConfigurationIsVisible = 0;
			defaultConfigurationName = Release;
		};
		FCBE7F10234CEABD0083CB81 /* Build configuration list for PBXNativeTarget "HobbyTracker" */ = {
			isa = XCConfigurationList;
			buildConfigurations = (
				FCBE7F11234CEABD0083CB81 /* Debug */,
				FCBE7F12234CEABD0083CB81 /* Release */,
			);
			defaultConfigurationIsVisible = 0;
			defaultConfigurationName = Release;
		};
/* End XCConfigurationList section */
	};
	rootObject = FCBE7EF6234CEABB0083CB81 /* Project object */;
}
